// !$*UTF8*$!
{
	archiveVersion = 1;
	classes = {
	};
	objectVersion = 50;
	objects = {

/* Begin PBXBuildFile section */
		76991103DCA357D038563757 /* Pods_Assignment_5.framework in Frameworks */ = {isa = PBXBuildFile; fileRef = 21C7D70CE913172F05068A1D /* Pods_Assignment_5.framework */; };
		A16F975221A4DACB0020958F /* ClassInformationTableViewCell.swift in Sources */ = {isa = PBXBuildFile; fileRef = A16F975121A4DACB0020958F /* ClassInformationTableViewCell.swift */; };
		A1CB925B219E479C00BB9329 /* AppDelegate.swift in Sources */ = {isa = PBXBuildFile; fileRef = A1CB925A219E479C00BB9329 /* AppDelegate.swift */; };
		A1CB925D219E479C00BB9329 /* ViewController.swift in Sources */ = {isa = PBXBuildFile; fileRef = A1CB925C219E479C00BB9329 /* ViewController.swift */; };
		A1CB9260219E479C00BB9329 /* Main.storyboard in Resources */ = {isa = PBXBuildFile; fileRef = A1CB925E219E479C00BB9329 /* Main.storyboard */; };
		A1CB9262219E479E00BB9329 /* Assets.xcassets in Resources */ = {isa = PBXBuildFile; fileRef = A1CB9261219E479E00BB9329 /* Assets.xcassets */; };
		A1CB9265219E479E00BB9329 /* LaunchScreen.storyboard in Resources */ = {isa = PBXBuildFile; fileRef = A1CB9263219E479E00BB9329 /* LaunchScreen.storyboard */; };
		A1CB9270219E479E00BB9329 /* Assignment_5Tests.swift in Sources */ = {isa = PBXBuildFile; fileRef = A1CB926F219E479E00BB9329 /* Assignment_5Tests.swift */; };
		A1CB927B219E479E00BB9329 /* Assignment_5UITests.swift in Sources */ = {isa = PBXBuildFile; fileRef = A1CB927A219E479E00BB9329 /* Assignment_5UITests.swift */; };
		A1CB9289219E484300BB9329 /* MajorListViewController.swift in Sources */ = {isa = PBXBuildFile; fileRef = A1CB9288219E484300BB9329 /* MajorListViewController.swift */; };
		A1CB928B219E4CDF00BB9329 /* CourseViewController.swift in Sources */ = {isa = PBXBuildFile; fileRef = A1CB928A219E4CDF00BB9329 /* CourseViewController.swift */; };
		A1DD24CC219E5D5400863AC0 /* CourseInformationViewController.swift in Sources */ = {isa = PBXBuildFile; fileRef = A1DD24CB219E5D5400863AC0 /* CourseInformationViewController.swift */; };
		A1DD24CE219F911300863AC0 /* RegisterStudentViewController.swift in Sources */ = {isa = PBXBuildFile; fileRef = A1DD24CD219F911300863AC0 /* RegisterStudentViewController.swift */; };
		A1DD24D021A0C79000863AC0 /* YourClassesViewController.swift in Sources */ = {isa = PBXBuildFile; fileRef = A1DD24CF21A0C79000863AC0 /* YourClassesViewController.swift */; };
/* End PBXBuildFile section */

/* Begin PBXContainerItemProxy section */
		A1CB926C219E479E00BB9329 /* PBXContainerItemProxy */ = {
			isa = PBXContainerItemProxy;
			containerPortal = A1CB924F219E479C00BB9329 /* Project object */;
			proxyType = 1;
			remoteGlobalIDString = A1CB9256219E479C00BB9329;
			remoteInfo = "Assignment 5";
		};
		A1CB9277219E479E00BB9329 /* PBXContainerItemProxy */ = {
			isa = PBXContainerItemProxy;
			containerPortal = A1CB924F219E479C00BB9329 /* Project object */;
			proxyType = 1;
			remoteGlobalIDString = A1CB9256219E479C00BB9329;
			remoteInfo = "Assignment 5";
		};
/* End PBXContainerItemProxy section */

/* Begin PBXFileReference section */
		21C7D70CE913172F05068A1D /* Pods_Assignment_5.framework */ = {isa = PBXFileReference; explicitFileType = wrapper.framework; includeInIndex = 0; path = Pods_Assignment_5.framework; sourceTree = BUILT_PRODUCTS_DIR; };
		A16F975121A4DACB0020958F /* ClassInformationTableViewCell.swift */ = {isa = PBXFileReference; lastKnownFileType = sourcecode.swift; path = ClassInformationTableViewCell.swift; sourceTree = "<group>"; };
		A1CB9257219E479C00BB9329 /* Assignment 5.app */ = {isa = PBXFileReference; explicitFileType = wrapper.application; includeInIndex = 0; path = "Assignment 5.app"; sourceTree = BUILT_PRODUCTS_DIR; };
		A1CB925A219E479C00BB9329 /* AppDelegate.swift */ = {isa = PBXFileReference; lastKnownFileType = sourcecode.swift; path = AppDelegate.swift; sourceTree = "<group>"; };
		A1CB925C219E479C00BB9329 /* ViewController.swift */ = {isa = PBXFileReference; lastKnownFileType = sourcecode.swift; path = ViewController.swift; sourceTree = "<group>"; };
		A1CB925F219E479C00BB9329 /* Base */ = {isa = PBXFileReference; lastKnownFileType = file.storyboard; name = Base; path = Base.lproj/Main.storyboard; sourceTree = "<group>"; };
		A1CB9261219E479E00BB9329 /* Assets.xcassets */ = {isa = PBXFileReference; lastKnownFileType = folder.assetcatalog; path = Assets.xcassets; sourceTree = "<group>"; };
		A1CB9264219E479E00BB9329 /* Base */ = {isa = PBXFileReference; lastKnownFileType = file.storyboard; name = Base; path = Base.lproj/LaunchScreen.storyboard; sourceTree = "<group>"; };
		A1CB9266219E479E00BB9329 /* Info.plist */ = {isa = PBXFileReference; lastKnownFileType = text.plist.xml; path = Info.plist; sourceTree = "<group>"; };
		A1CB926B219E479E00BB9329 /* Assignment 5Tests.xctest */ = {isa = PBXFileReference; explicitFileType = wrapper.cfbundle; includeInIndex = 0; path = "Assignment 5Tests.xctest"; sourceTree = BUILT_PRODUCTS_DIR; };
		A1CB926F219E479E00BB9329 /* Assignment_5Tests.swift */ = {isa = PBXFileReference; lastKnownFileType = sourcecode.swift; path = Assignment_5Tests.swift; sourceTree = "<group>"; };
		A1CB9271219E479E00BB9329 /* Info.plist */ = {isa = PBXFileReference; lastKnownFileType = text.plist.xml; path = Info.plist; sourceTree = "<group>"; };
		A1CB9276219E479E00BB9329 /* Assignment 5UITests.xctest */ = {isa = PBXFileReference; explicitFileType = wrapper.cfbundle; includeInIndex = 0; path = "Assignment 5UITests.xctest"; sourceTree = BUILT_PRODUCTS_DIR; };
		A1CB927A219E479E00BB9329 /* Assignment_5UITests.swift */ = {isa = PBXFileReference; lastKnownFileType = sourcecode.swift; path = Assignment_5UITests.swift; sourceTree = "<group>"; };
		A1CB927C219E479E00BB9329 /* Info.plist */ = {isa = PBXFileReference; lastKnownFileType = text.plist.xml; path = Info.plist; sourceTree = "<group>"; };
		A1CB9288219E484300BB9329 /* MajorListViewController.swift */ = {isa = PBXFileReference; lastKnownFileType = sourcecode.swift; path = MajorListViewController.swift; sourceTree = "<group>"; };
		A1CB928A219E4CDF00BB9329 /* CourseViewController.swift */ = {isa = PBXFileReference; lastKnownFileType = sourcecode.swift; path = CourseViewController.swift; sourceTree = "<group>"; };
		A1DD24CB219E5D5400863AC0 /* CourseInformationViewController.swift */ = {isa = PBXFileReference; lastKnownFileType = sourcecode.swift; path = CourseInformationViewController.swift; sourceTree = "<group>"; };
		A1DD24CD219F911300863AC0 /* RegisterStudentViewController.swift */ = {isa = PBXFileReference; lastKnownFileType = sourcecode.swift; path = RegisterStudentViewController.swift; sourceTree = "<group>"; };
		A1DD24CF21A0C79000863AC0 /* YourClassesViewController.swift */ = {isa = PBXFileReference; lastKnownFileType = sourcecode.swift; path = YourClassesViewController.swift; sourceTree = "<group>"; };
		E03937F6802EAE8806B8E90D /* Pods-Assignment 5.debug.xcconfig */ = {isa = PBXFileReference; includeInIndex = 1; lastKnownFileType = text.xcconfig; name = "Pods-Assignment 5.debug.xcconfig"; path = "Pods/Target Support Files/Pods-Assignment 5/Pods-Assignment 5.debug.xcconfig"; sourceTree = "<group>"; };
		FC424585F716F76E4E45B4B3 /* Pods-Assignment 5.release.xcconfig */ = {isa = PBXFileReference; includeInIndex = 1; lastKnownFileType = text.xcconfig; name = "Pods-Assignment 5.release.xcconfig"; path = "Pods/Target Support Files/Pods-Assignment 5/Pods-Assignment 5.release.xcconfig"; sourceTree = "<group>"; };
/* End PBXFileReference section */

/* Begin PBXFrameworksBuildPhase section */
		A1CB9254219E479C00BB9329 /* Frameworks */ = {
			isa = PBXFrameworksBuildPhase;
			buildActionMask = 2147483647;
			files = (
				76991103DCA357D038563757 /* Pods_Assignment_5.framework in Frameworks */,
			);
			runOnlyForDeploymentPostprocessing = 0;
		};
		A1CB9268219E479E00BB9329 /* Frameworks */ = {
			isa = PBXFrameworksBuildPhase;
			buildActionMask = 2147483647;
			files = (
			);
			runOnlyForDeploymentPostprocessing = 0;
		};
		A1CB9273219E479E00BB9329 /* Frameworks */ = {
			isa = PBXFrameworksBuildPhase;
			buildActionMask = 2147483647;
			files = (
			);
			runOnlyForDeploymentPostprocessing = 0;
		};
/* End PBXFrameworksBuildPhase section */

/* Begin PBXGroup section */
		0EC49D17603DC942D9F20090 /* Frameworks */ = {
			isa = PBXGroup;
			children = (
				21C7D70CE913172F05068A1D /* Pods_Assignment_5.framework */,
			);
			name = Frameworks;
			sourceTree = "<group>";
		};
		9E02EAB9BF940F35FE611345 /* Pods */ = {
			isa = PBXGroup;
			children = (
				E03937F6802EAE8806B8E90D /* Pods-Assignment 5.debug.xcconfig */,
				FC424585F716F76E4E45B4B3 /* Pods-Assignment 5.release.xcconfig */,
			);
			name = Pods;
			sourceTree = "<group>";
		};
		A1CB924E219E479C00BB9329 = {
			isa = PBXGroup;
			children = (
				A1CB9259219E479C00BB9329 /* Assignment 5 */,
				A1CB926E219E479E00BB9329 /* Assignment 5Tests */,
				A1CB9279219E479E00BB9329 /* Assignment 5UITests */,
				A1CB9258219E479C00BB9329 /* Products */,
				9E02EAB9BF940F35FE611345 /* Pods */,
				0EC49D17603DC942D9F20090 /* Frameworks */,
			);
			sourceTree = "<group>";
		};
		A1CB9258219E479C00BB9329 /* Products */ = {
			isa = PBXGroup;
			children = (
				A1CB9257219E479C00BB9329 /* Assignment 5.app */,
				A1CB926B219E479E00BB9329 /* Assignment 5Tests.xctest */,
				A1CB9276219E479E00BB9329 /* Assignment 5UITests.xctest */,
			);
			name = Products;
			sourceTree = "<group>";
		};
		A1CB9259219E479C00BB9329 /* Assignment 5 */ = {
			isa = PBXGroup;
			children = (
				A1CB925A219E479C00BB9329 /* AppDelegate.swift */,
				A1CB925C219E479C00BB9329 /* ViewController.swift */,
				A1CB925E219E479C00BB9329 /* Main.storyboard */,
				A1DD24CF21A0C79000863AC0 /* YourClassesViewController.swift */,
				A16F975121A4DACB0020958F /* ClassInformationTableViewCell.swift */,
				A1CB928A219E4CDF00BB9329 /* CourseViewController.swift */,
				A1DD24CB219E5D5400863AC0 /* CourseInformationViewController.swift */,
				A1CB9288219E484300BB9329 /* MajorListViewController.swift */,
				A1DD24CD219F911300863AC0 /* RegisterStudentViewController.swift */,
				A1CB9261219E479E00BB9329 /* Assets.xcassets */,
				A1CB9263219E479E00BB9329 /* LaunchScreen.storyboard */,
				A1CB9266219E479E00BB9329 /* Info.plist */,
			);
			path = "Assignment 5";
			sourceTree = "<group>";
		};
		A1CB926E219E479E00BB9329 /* Assignment 5Tests */ = {
			isa = PBXGroup;
			children = (
				A1CB926F219E479E00BB9329 /* Assignment_5Tests.swift */,
				A1CB9271219E479E00BB9329 /* Info.plist */,
			);
			path = "Assignment 5Tests";
			sourceTree = "<group>";
		};
		A1CB9279219E479E00BB9329 /* Assignment 5UITests */ = {
			isa = PBXGroup;
			children = (
				A1CB927A219E479E00BB9329 /* Assignment_5UITests.swift */,
				A1CB927C219E479E00BB9329 /* Info.plist */,
			);
			path = "Assignment 5UITests";
			sourceTree = "<group>";
		};
/* End PBXGroup section */

/* Begin PBXNativeTarget section */
		A1CB9256219E479C00BB9329 /* Assignment 5 */ = {
			isa = PBXNativeTarget;
			buildConfigurationList = A1CB927F219E479E00BB9329 /* Build configuration list for PBXNativeTarget "Assignment 5" */;
			buildPhases = (
				F7A4BF8753557A0AA9DD1DB1 /* [CP] Check Pods Manifest.lock */,
				A1CB9253219E479C00BB9329 /* Sources */,
				A1CB9254219E479C00BB9329 /* Frameworks */,
				A1CB9255219E479C00BB9329 /* Resources */,
				60DDEE3FE354191062FF0E69 /* [CP] Embed Pods Frameworks */,
			);
			buildRules = (
			);
			dependencies = (
			);
			name = "Assignment 5";
			productName = "Assignment 5";
			productReference = A1CB9257219E479C00BB9329 /* Assignment 5.app */;
			productType = "com.apple.product-type.application";
		};
		A1CB926A219E479E00BB9329 /* Assignment 5Tests */ = {
			isa = PBXNativeTarget;
			buildConfigurationList = A1CB9282219E479E00BB9329 /* Build configuration list for PBXNativeTarget "Assignment 5Tests" */;
			buildPhases = (
				A1CB9267219E479E00BB9329 /* Sources */,
				A1CB9268219E479E00BB9329 /* Frameworks */,
				A1CB9269219E479E00BB9329 /* Resources */,
			);
			buildRules = (
			);
			dependencies = (
				A1CB926D219E479E00BB9329 /* PBXTargetDependency */,
			);
			name = "Assignment 5Tests";
			productName = "Assignment 5Tests";
			productReference = A1CB926B219E479E00BB9329 /* Assignment 5Tests.xctest */;
			productType = "com.apple.product-type.bundle.unit-test";
		};
		A1CB9275219E479E00BB9329 /* Assignment 5UITests */ = {
			isa = PBXNativeTarget;
			buildConfigurationList = A1CB9285219E479E00BB9329 /* Build configuration list for PBXNativeTarget "Assignment 5UITests" */;
			buildPhases = (
				A1CB9272219E479E00BB9329 /* Sources */,
				A1CB9273219E479E00BB9329 /* Frameworks */,
				A1CB9274219E479E00BB9329 /* Resources */,
			);
			buildRules = (
			);
			dependencies = (
				A1CB9278219E479E00BB9329 /* PBXTargetDependency */,
			);
			name = "Assignment 5UITests";
			productName = "Assignment 5UITests";
			productReference = A1CB9276219E479E00BB9329 /* Assignment 5UITests.xctest */;
			productType = "com.apple.product-type.bundle.ui-testing";
		};
/* End PBXNativeTarget section */

/* Begin PBXProject section */
		A1CB924F219E479C00BB9329 /* Project object */ = {
			isa = PBXProject;
			attributes = {
				LastSwiftUpdateCheck = 1010;
				LastUpgradeCheck = 1010;
				ORGANIZATIONNAME = "Arzoo Patel";
				TargetAttributes = {
					A1CB9256219E479C00BB9329 = {
						CreatedOnToolsVersion = 10.1;
					};
					A1CB926A219E479E00BB9329 = {
						CreatedOnToolsVersion = 10.1;
						TestTargetID = A1CB9256219E479C00BB9329;
					};
					A1CB9275219E479E00BB9329 = {
						CreatedOnToolsVersion = 10.1;
						TestTargetID = A1CB9256219E479C00BB9329;
					};
				};
			};
			buildConfigurationList = A1CB9252219E479C00BB9329 /* Build configuration list for PBXProject "Assignment 5" */;
			compatibilityVersion = "Xcode 9.3";
			developmentRegion = en;
			hasScannedForEncodings = 0;
			knownRegions = (
				en,
				Base,
			);
			mainGroup = A1CB924E219E479C00BB9329;
			productRefGroup = A1CB9258219E479C00BB9329 /* Products */;
			projectDirPath = "";
			projectRoot = "";
			targets = (
				A1CB9256219E479C00BB9329 /* Assignment 5 */,
				A1CB926A219E479E00BB9329 /* Assignment 5Tests */,
				A1CB9275219E479E00BB9329 /* Assignment 5UITests */,
			);
		};
/* End PBXProject section */

/* Begin PBXResourcesBuildPhase section */
		A1CB9255219E479C00BB9329 /* Resources */ = {
			isa = PBXResourcesBuildPhase;
			buildActionMask = 2147483647;
			files = (
				A1CB9265219E479E00BB9329 /* LaunchScreen.storyboard in Resources */,
				A1CB9262219E479E00BB9329 /* Assets.xcassets in Resources */,
				A1CB9260219E479C00BB9329 /* Main.storyboard in Resources */,
			);
			runOnlyForDeploymentPostprocessing = 0;
		};
		A1CB9269219E479E00BB9329 /* Resources */ = {
			isa = PBXResourcesBuildPhase;
			buildActionMask = 2147483647;
			files = (
			);
			runOnlyForDeploymentPostprocessing = 0;
		};
		A1CB9274219E479E00BB9329 /* Resources */ = {
			isa = PBXResourcesBuildPhase;
			buildActionMask = 2147483647;
			files = (
			);
			runOnlyForDeploymentPostprocessing = 0;
		};
/* End PBXResourcesBuildPhase section */

/* Begin PBXShellScriptBuildPhase section */
		60DDEE3FE354191062FF0E69 /* [CP] Embed Pods Frameworks */ = {
			isa = PBXShellScriptBuildPhase;
			buildActionMask = 2147483647;
			files = (
			);
			inputFileListPaths = (
			);
			inputPaths = (
				"${SRCROOT}/Pods/Target Support Files/Pods-Assignment 5/Pods-Assignment 5-frameworks.sh",
				"${BUILT_PRODUCTS_DIR}/Alamofire/Alamofire.framework",
			);
			name = "[CP] Embed Pods Frameworks";
			outputFileListPaths = (
			);
			outputPaths = (
				"${TARGET_BUILD_DIR}/${FRAMEWORKS_FOLDER_PATH}/Alamofire.framework",
			);
			runOnlyForDeploymentPostprocessing = 0;
			shellPath = /bin/sh;
			shellScript = "\"${SRCROOT}/Pods/Target Support Files/Pods-Assignment 5/Pods-Assignment 5-frameworks.sh\"\n";
			showEnvVarsInLog = 0;
		};
		F7A4BF8753557A0AA9DD1DB1 /* [CP] Check Pods Manifest.lock */ = {
			isa = PBXShellScriptBuildPhase;
			buildActionMask = 2147483647;
			files = (
			);
			inputFileListPaths = (
			);
			inputPaths = (
				"${PODS_PODFILE_DIR_PATH}/Podfile.lock",
				"${PODS_ROOT}/Manifest.lock",
			);
			name = "[CP] Check Pods Manifest.lock";
			outputFileListPaths = (
			);
			outputPaths = (
				"$(DERIVED_FILE_DIR)/Pods-Assignment 5-checkManifestLockResult.txt",
			);
			runOnlyForDeploymentPostprocessing = 0;
			shellPath = /bin/sh;
			shellScript = "diff \"${PODS_PODFILE_DIR_PATH}/Podfile.lock\" \"${PODS_ROOT}/Manifest.lock\" > /dev/null\nif [ $? != 0 ] ; then\n    # print error to STDERR\n    echo \"error: The sandbox is not in sync with the Podfile.lock. Run 'pod install' or update your CocoaPods installation.\" >&2\n    exit 1\nfi\n# This output is used by Xcode 'outputs' to avoid re-running this script phase.\necho \"SUCCESS\" > \"${SCRIPT_OUTPUT_FILE_0}\"\n";
			showEnvVarsInLog = 0;
		};
/* End PBXShellScriptBuildPhase section */

/* Begin PBXSourcesBuildPhase section */
		A1CB9253219E479C00BB9329 /* Sources */ = {
			isa = PBXSourcesBuildPhase;
			buildActionMask = 2147483647;
			files = (
				A1DD24CC219E5D5400863AC0 /* CourseInformationViewController.swift in Sources */,
				A1DD24D021A0C79000863AC0 /* YourClassesViewController.swift in Sources */,
				A1CB925D219E479C00BB9329 /* ViewController.swift in Sources */,
				A1CB928B219E4CDF00BB9329 /* CourseViewController.swift in Sources */,
				A1CB9289219E484300BB9329 /* MajorListViewController.swift in Sources */,
				A16F975221A4DACB0020958F /* ClassInformationTableViewCell.swift in Sources */,
				A1CB925B219E479C00BB9329 /* AppDelegate.swift in Sources */,
				A1DD24CE219F911300863AC0 /* RegisterStudentViewController.swift in Sources */,
			);
			runOnlyForDeploymentPostprocessing = 0;
		};
		A1CB9267219E479E00BB9329 /* Sources */ = {
			isa = PBXSourcesBuildPhase;
			buildActionMask = 2147483647;
			files = (
				A1CB9270219E479E00BB9329 /* Assignment_5Tests.swift in Sources */,
			);
			runOnlyForDeploymentPostprocessing = 0;
		};
		A1CB9272219E479E00BB9329 /* Sources */ = {
			isa = PBXSourcesBuildPhase;
			buildActionMask = 2147483647;
			files = (
				A1CB927B219E479E00BB9329 /* Assignment_5UITests.swift in Sources */,
			);
			runOnlyForDeploymentPostprocessing = 0;
		};
/* End PBXSourcesBuildPhase section */

/* Begin PBXTargetDependency section */
		A1CB926D219E479E00BB9329 /* PBXTargetDependency */ = {
			isa = PBXTargetDependency;
			target = A1CB9256219E479C00BB9329 /* Assignment 5 */;
			targetProxy = A1CB926C219E479E00BB9329 /* PBXContainerItemProxy */;
		};
		A1CB9278219E479E00BB9329 /* PBXTargetDependency */ = {
			isa = PBXTargetDependency;
			target = A1CB9256219E479C00BB9329 /* Assignment 5 */;
			targetProxy = A1CB9277219E479E00BB9329 /* PBXContainerItemProxy */;
		};
/* End PBXTargetDependency section */

/* Begin PBXVariantGroup section */
		A1CB925E219E479C00BB9329 /* Main.storyboard */ = {
			isa = PBXVariantGroup;
			children = (
				A1CB925F219E479C00BB9329 /* Base */,
			);
			name = Main.storyboard;
			sourceTree = "<group>";
		};
		A1CB9263219E479E00BB9329 /* LaunchScreen.storyboard */ = {
			isa = PBXVariantGroup;
			children = (
				A1CB9264219E479E00BB9329 /* Base */,
			);
			name = LaunchScreen.storyboard;
			sourceTree = "<group>";
		};
/* End PBXVariantGroup section */

/* Begin XCBuildConfiguration section */
		A1CB927D219E479E00BB9329 /* Debug */ = {
			isa = XCBuildConfiguration;
			buildSettings = {
				ALWAYS_SEARCH_USER_PATHS = NO;
				CLANG_ANALYZER_NONNULL = YES;
				CLANG_ANALYZER_NUMBER_OBJECT_CONVERSION = YES_AGGRESSIVE;
				CLANG_CXX_LANGUAGE_STANDARD = "gnu++14";
				CLANG_CXX_LIBRARY = "libc++";
				CLANG_ENABLE_MODULES = YES;
				CLANG_ENABLE_OBJC_ARC = YES;
				CLANG_ENABLE_OBJC_WEAK = YES;
				CLANG_WARN_BLOCK_CAPTURE_AUTORELEASING = YES;
				CLANG_WARN_BOOL_CONVERSION = YES;
				CLANG_WARN_COMMA = YES;
				CLANG_WARN_CONSTANT_CONVERSION = YES;
				CLANG_WARN_DEPRECATED_OBJC_IMPLEMENTATIONS = YES;
				CLANG_WARN_DIRECT_OBJC_ISA_USAGE = YES_ERROR;
				CLANG_WARN_DOCUMENTATION_COMMENTS = YES;
				CLANG_WARN_EMPTY_BODY = YES;
				CLANG_WARN_ENUM_CONVERSION = YES;
				CLANG_WARN_INFINITE_RECURSION = YES;
				CLANG_WARN_INT_CONVERSION = YES;
				CLANG_WARN_NON_LITERAL_NULL_CONVERSION = YES;
				CLANG_WARN_OBJC_IMPLICIT_RETAIN_SELF = YES;
				CLANG_WARN_OBJC_LITERAL_CONVERSION = YES;
				CLANG_WARN_OBJC_ROOT_CLASS = YES_ERROR;
				CLANG_WARN_RANGE_LOOP_ANALYSIS = YES;
				CLANG_WARN_STRICT_PROTOTYPES = YES;
				CLANG_WARN_SUSPICIOUS_MOVE = YES;
				CLANG_WARN_UNGUARDED_AVAILABILITY = YES_AGGRESSIVE;
				CLANG_WARN_UNREACHABLE_CODE = YES;
				CLANG_WARN__DUPLICATE_METHOD_MATCH = YES;
				CODE_SIGN_IDENTITY = "iPhone Developer";
				COPY_PHASE_STRIP = NO;
				DEBUG_INFORMATION_FORMAT = dwarf;
				ENABLE_STRICT_OBJC_MSGSEND = YES;
				ENABLE_TESTABILITY = YES;
				GCC_C_LANGUAGE_STANDARD = gnu11;
				GCC_DYNAMIC_NO_PIC = NO;
				GCC_NO_COMMON_BLOCKS = YES;
				GCC_OPTIMIZATION_LEVEL = 0;
				GCC_PREPROCESSOR_DEFINITIONS = (
					"DEBUG=1",
					"$(inherited)",
				);
				GCC_WARN_64_TO_32_BIT_CONVERSION = YES;
				GCC_WARN_ABOUT_RETURN_TYPE = YES_ERROR;
				GCC_WARN_UNDECLARED_SELECTOR = YES;
				GCC_WARN_UNINITIALIZED_AUTOS = YES_AGGRESSIVE;
				GCC_WARN_UNUSED_FUNCTION = YES;
				GCC_WARN_UNUSED_VARIABLE = YES;
				IPHONEOS_DEPLOYMENT_TARGET = 12.1;
				MTL_ENABLE_DEBUG_INFO = INCLUDE_SOURCE;
				MTL_FAST_MATH = YES;
				ONLY_ACTIVE_ARCH = YES;
				SDKROOT = iphoneos;
				SWIFT_ACTIVE_COMPILATION_CONDITIONS = DEBUG;
				SWIFT_OPTIMIZATION_LEVEL = "-Onone";
			};
			name = Debug;
		};
		A1CB927E219E479E00BB9329 /* Release */ = {
			isa = XCBuildConfiguration;
			buildSettings = {
				ALWAYS_SEARCH_USER_PATHS = NO;
				CLANG_ANALYZER_NONNULL = YES;
				CLANG_ANALYZER_NUMBER_OBJECT_CONVERSION = YES_AGGRESSIVE;
				CLANG_CXX_LANGUAGE_STANDARD = "gnu++14";
				CLANG_CXX_LIBRARY = "libc++";
				CLANG_ENABLE_MODULES = YES;
				CLANG_ENABLE_OBJC_ARC = YES;
				CLANG_ENABLE_OBJC_WEAK = YES;
				CLANG_WARN_BLOCK_CAPTURE_AUTORELEASING = YES;
				CLANG_WARN_BOOL_CONVERSION = YES;
				CLANG_WARN_COMMA = YES;
				CLANG_WARN_CONSTANT_CONVERSION = YES;
				CLANG_WARN_DEPRECATED_OBJC_IMPLEMENTATIONS = YES;
				CLANG_WARN_DIRECT_OBJC_ISA_USAGE = YES_ERROR;
				CLANG_WARN_DOCUMENTATION_COMMENTS = YES;
				CLANG_WARN_EMPTY_BODY = YES;
				CLANG_WARN_ENUM_CONVERSION = YES;
				CLANG_WARN_INFINITE_RECURSION = YES;
				CLANG_WARN_INT_CONVERSION = YES;
				CLANG_WARN_NON_LITERAL_NULL_CONVERSION = YES;
				CLANG_WARN_OBJC_IMPLICIT_RETAIN_SELF = YES;
				CLANG_WARN_OBJC_LITERAL_CONVERSION = YES;
				CLANG_WARN_OBJC_ROOT_CLASS = YES_ERROR;
				CLANG_WARN_RANGE_LOOP_ANALYSIS = YES;
				CLANG_WARN_STRICT_PROTOTYPES = YES;
				CLANG_WARN_SUSPICIOUS_MOVE = YES;
				CLANG_WARN_UNGUARDED_AVAILABILITY = YES_AGGRESSIVE;
				CLANG_WARN_UNREACHABLE_CODE = YES;
				CLANG_WARN__DUPLICATE_METHOD_MATCH = YES;
				CODE_SIGN_IDENTITY = "iPhone Developer";
				COPY_PHASE_STRIP = NO;
				DEBUG_INFORMATION_FORMAT = "dwarf-with-dsym";
				ENABLE_NS_ASSERTIONS = NO;
				ENABLE_STRICT_OBJC_MSGSEND = YES;
				GCC_C_LANGUAGE_STANDARD = gnu11;
				GCC_NO_COMMON_BLOCKS = YES;
				GCC_WARN_64_TO_32_BIT_CONVERSION = YES;
				GCC_WARN_ABOUT_RETURN_TYPE = YES_ERROR;
				GCC_WARN_UNDECLARED_SELECTOR = YES;
				GCC_WARN_UNINITIALIZED_AUTOS = YES_AGGRESSIVE;
				GCC_WARN_UNUSED_FUNCTION = YES;
				GCC_WARN_UNUSED_VARIABLE = YES;
				IPHONEOS_DEPLOYMENT_TARGET = 12.1;
				MTL_ENABLE_DEBUG_INFO = NO;
				MTL_FAST_MATH = YES;
				SDKROOT = iphoneos;
				SWIFT_COMPILATION_MODE = wholemodule;
				SWIFT_OPTIMIZATION_LEVEL = "-O";
				VALIDATE_PRODUCT = YES;
			};
			name = Release;
		};
		A1CB9280219E479E00BB9329 /* Debug */ = {
			isa = XCBuildConfiguration;
			baseConfigurationReference = E03937F6802EAE8806B8E90D /* Pods-Assignment 5.debug.xcconfig */;
			buildSettings = {
				ASSETCATALOG_COMPILER_APPICON_NAME = AppIcon;
				CODE_SIGN_STYLE = Automatic;
				INFOPLIST_FILE = "Assignment 5/Info.plist";
				LD_RUNPATH_SEARCH_PATHS = (
					"$(inherited)",
					"@executable_path/Frameworks",
				);
				PRODUCT_BUNDLE_IDENTIFIER = "arzoo.Assignment-5";
				PRODUCT_NAME = "$(TARGET_NAME)";
				SWIFT_VERSION = 4.2;
				TARGETED_DEVICE_FAMILY = "1,2";
			};
			name = Debug;
		};
		A1CB9281219E479E00BB9329 /* Release */ = {
			isa = XCBuildConfiguration;
			baseConfigurationReference = FC424585F716F76E4E45B4B3 /* Pods-Assignment 5.release.xcconfig */;
			buildSettings = {
				ASSETCATALOG_COMPILER_APPICON_NAME = AppIcon;
				CODE_SIGN_STYLE = Automatic;
				INFOPLIST_FILE = "Assignment 5/Info.plist";
				LD_RUNPATH_SEARCH_PATHS = (
					"$(inherited)",
					"@executable_path/Frameworks",
				);
				PRODUCT_BUNDLE_IDENTIFIER = "arzoo.Assignment-5";
				PRODUCT_NAME = "$(TARGET_NAME)";
				SWIFT_VERSION = 4.2;
				TARGETED_DEVICE_FAMILY = "1,2";
			};
			name = Release;
		};
		A1CB9283219E479E00BB9329 /* Debug */ = {
			isa = XCBuildConfiguration;
			buildSettings = {
				ALWAYS_EMBED_SWIFT_STANDARD_LIBRARIES = YES;
				BUNDLE_LOADER = "$(TEST_HOST)";
				CODE_SIGN_STYLE = Automatic;
				INFOPLIST_FILE = "Assignment 5Tests/Info.plist";
				LD_RUNPATH_SEARCH_PATHS = (
					"$(inherited)",
					"@executable_path/Frameworks",
					"@loader_path/Frameworks",
				);
				PRODUCT_BUNDLE_IDENTIFIER = "arzoo.Assignment-5Tests";
				PRODUCT_NAME = "$(TARGET_NAME)";
				SWIFT_VERSION = 4.2;
				TARGETED_DEVICE_FAMILY = "1,2";
				TEST_HOST = "$(BUILT_PRODUCTS_DIR)/Assignment 5.app/Assignment 5";
			};
			name = Debug;
		};
		A1CB9284219E479E00BB9329 /* Release */ = {
			isa = XCBuildConfiguration;
			buildSettings = {
				ALWAYS_EMBED_SWIFT_STANDARD_LIBRARIES = YES;
				BUNDLE_LOADER = "$(TEST_HOST)";
				CODE_SIGN_STYLE = Automatic;
				INFOPLIST_FILE = "Assignment 5Tests/Info.plist";
				LD_RUNPATH_SEARCH_PATHS = (
					"$(inherited)",
					"@executable_path/Frameworks",
					"@loader_path/Frameworks",
				);
				PRODUCT_BUNDLE_IDENTIFIER = "arzoo.Assignment-5Tests";
				PRODUCT_NAME = "$(TARGET_NAME)";
				SWIFT_VERSION = 4.2;
				TARGETED_DEVICE_FAMILY = "1,2";
				TEST_HOST = "$(BUILT_PRODUCTS_DIR)/Assignment 5.app/Assignment 5";
			};
			name = Release;
		};
		A1CB9286219E479E00BB9329 /* Debug */ = {
			isa = XCBuildConfiguration;
			buildSettings = {
				ALWAYS_EMBED_SWIFT_STANDARD_LIBRARIES = YES;
				CODE_SIGN_STYLE = Automatic;
				INFOPLIST_FILE = "Assignment 5UITests/Info.plist";
				LD_RUNPATH_SEARCH_PATHS = (
					"$(inherited)",
					"@executable_path/Frameworks",
					"@loader_path/Frameworks",
				);
				PRODUCT_BUNDLE_IDENTIFIER = "arzoo.Assignment-5UITests";
				PRODUCT_NAME = "$(TARGET_NAME)";
				SWIFT_VERSION = 4.2;
				TARGETED_DEVICE_FAMILY = "1,2";
				TEST_TARGET_NAME = "Assignment 5";
			};
			name = Debug;
		};
		A1CB9287219E479E00BB9329 /* Release */ = {
			isa = XCBuildConfiguration;
			buildSettings = {
				ALWAYS_EMBED_SWIFT_STANDARD_LIBRARIES = YES;
				CODE_SIGN_STYLE = Automatic;
				INFOPLIST_FILE = "Assignment 5UITests/Info.plist";
				LD_RUNPATH_SEARCH_PATHS = (
					"$(inherited)",
					"@executable_path/Frameworks",
					"@loader_path/Frameworks",
				);
				PRODUCT_BUNDLE_IDENTIFIER = "arzoo.Assignment-5UITests";
				PRODUCT_NAME = "$(TARGET_NAME)";
				SWIFT_VERSION = 4.2;
				TARGETED_DEVICE_FAMILY = "1,2";
				TEST_TARGET_NAME = "Assignment 5";
			};
			name = Release;
		};
/* End XCBuildConfiguration section */

/* Begin XCConfigurationList section */
		A1CB9252219E479C00BB9329 /* Build configuration list for PBXProject "Assignment 5" */ = {
			isa = XCConfigurationList;
			buildConfigurations = (
				A1CB927D219E479E00BB9329 /* Debug */,
				A1CB927E219E479E00BB9329 /* Release */,
			);
			defaultConfigurationIsVisible = 0;
			defaultConfigurationName = Release;
		};
		A1CB927F219E479E00BB9329 /* Build configuration list for PBXNativeTarget "Assignment 5" */ = {
			isa = XCConfigurationList;
			buildConfigurations = (
				A1CB9280219E479E00BB9329 /* Debug */,
				A1CB9281219E479E00BB9329 /* Release */,
			);
			defaultConfigurationIsVisible = 0;
			defaultConfigurationName = Release;
		};
		A1CB9282219E479E00BB9329 /* Build configuration list for PBXNativeTarget "Assignment 5Tests" */ = {
			isa = XCConfigurationList;
			buildConfigurations = (
				A1CB9283219E479E00BB9329 /* Debug */,
				A1CB9284219E479E00BB9329 /* Release */,
			);
			defaultConfigurationIsVisible = 0;
			defaultConfigurationName = Release;
		};
		A1CB9285219E479E00BB9329 /* Build configuration list for PBXNativeTarget "Assignment 5UITests" */ = {
			isa = XCConfigurationList;
			buildConfigurations = (
				A1CB9286219E479E00BB9329 /* Debug */,
				A1CB9287219E479E00BB9329 /* Release */,
			);
			defaultConfigurationIsVisible = 0;
			defaultConfigurationName = Release;
		};
/* End XCConfigurationList section */
	};
	rootObject = A1CB924F219E479C00BB9329 /* Project object */;
}
